{
  "requires": true,
  "lockfileVersion": 1,
  "dependencies": {
    "blob-to-buffer": {
      "version": "1.2.8",
      "resolved": "https://registry.npmjs.org/blob-to-buffer/-/blob-to-buffer-1.2.8.tgz",
      "integrity": "sha512-re0AIxakF504MgeMtIyJkVcZ8T5aUxtp/QmTMlmjyb3P44E1BEv5x3LATBGApWAJATyXHtkXRD+gWTmeyYLiQA=="
    },
    "inputmask": {
      "version": "5.0.1",
      "resolved": "https://registry.npmjs.org/inputmask/-/inputmask-5.0.1.tgz",
      "integrity": "sha512-Q/xo98j2gKycYSpYAjbxr4KEtLGZeBgxefc1u+qvrQKvB5MwP21EXEfjDKb+rMQdhNgjzHuKw7PCkOKyQ9FaRQ=="
    },
    "run-parallel": {
      "version": "1.1.9",
      "resolved": "https://registry.npmjs.org/run-parallel/-/run-parallel-1.1.9.tgz",
      "integrity": "sha512-DEqnSRTDw/Tc3FXf49zedI638Z9onwUotBMiUFKmrO2sdFKIbXamXGQ3Axd4qgphxKB4kw/qP1w5kTxnfU1B9Q=="
    }
  }
}
