{
  "requires": true,
  "lockfileVersion": 1,
  "dependencies": {
    "inputmask": {
      "version": "5.0.2-beta.7",
      "resolved": "https://registry.npmjs.org/inputmask/-/inputmask-5.0.2-beta.7.tgz",
      "integrity": "sha512-5PRnXjyZH+TNP3bV5OenhpodYG9fpyvkDFKbACk9WWCCRP/uiMrqgNc39nklv855MWZBEtvi7ytcQBGHCB1HNw=="
    }
  }
}
